
Microsoft Visual Studio Solution File, Format Version 12.00
# Visual Studio Version 16
VisualStudioVersion = 16.0.33130.400
MinimumVisualStudioVersion = 10.0.40219.1
Project("{8BC9CEB8-8B4A-11D0-8D11-00A0C91BC942}") = "SwitchStatements1", "SwitchStatements1.vcxproj", "{AC3936F3-1B8F-4BE9-B233-32B7179E529E}"
EndProject
Project("{8BC9CEB8-8B4A-11D0-8D11-00A0C91BC942}") = "Project1", "..\Project1\Project1.vcxproj", "{A2A22DDF-071B-4933-9BCE-AE8D808FB1FF}"
EndProject
Global
	GlobalSection(SolutionConfigurationPlatforms) = preSolution
		Debug|x64 = Debug|x64
		Debug|x86 = Debug|x86
		Release|x64 = Release|x64
		Release|x86 = Release|x86
	EndGlobalSection
	GlobalSection(ProjectConfigurationPlatforms) = postSolution
		{AC3936F3-1B8F-4BE9-B233-32B7179E529E}.Debug|x64.ActiveCfg = Debug|x64
		{AC3936F3-1B8F-4BE9-B233-32B7179E529E}.Debug|x64.Build.0 = Debug|x64
		{AC3936F3-1B8F-4BE9-B233-32B7179E529E}.Debug|x86.ActiveCfg = Debug|Win32
		{AC3936F3-1B8F-4BE9-B233-32B7179E529E}.Debug|x86.Build.0 = Debug|Win32
		{AC3936F3-1B8F-4BE9-B233-32B7179E529E}.Release|x64.ActiveCfg = Release|x64
		{AC3936F3-1B8F-4BE9-B233-32B7179E529E}.Release|x64.Build.0 = Release|x64
		{AC3936F3-1B8F-4BE9-B233-32B7179E529E}.Release|x86.ActiveCfg = Release|Win32
		{AC3936F3-1B8F-4BE9-B233-32B7179E529E}.Release|x86.Build.0 = Release|Win32
		{A2A22DDF-071B-4933-9BCE-AE8D808FB1FF}.Debug|x64.ActiveCfg = Debug|x64
		{A2A22DDF-071B-4933-9BCE-AE8D808FB1FF}.Debug|x64.Build.0 = Debug|x64
		{A2A22DDF-071B-4933-9BCE-AE8D808FB1FF}.Debug|x86.ActiveCfg = Debug|Win32
		{A2A22DDF-071B-4933-9BCE-AE8D808FB1FF}.Debug|x86.Build.0 = Debug|Win32
		{A2A22DDF-071B-4933-9BCE-AE8D808FB1FF}.Release|x64.ActiveCfg = Release|x64
		{A2A22DDF-071B-4933-9BCE-AE8D808FB1FF}.Release|x64.Build.0 = Release|x64
		{A2A22DDF-071B-4933-9BCE-AE8D808FB1FF}.Release|x86.ActiveCfg = Release|Win32
		{A2A22DDF-071B-4933-9BCE-AE8D808FB1FF}.Release|x86.Build.0 = Release|Win32
	EndGlobalSection
	GlobalSection(SolutionProperties) = preSolution
		HideSolutionNode = FALSE
	EndGlobalSection
	GlobalSection(ExtensibilityGlobals) = postSolution
		SolutionGuid = {CE59F2BD-4A34-49B8-B88A-31AB92DFCD2C}
	EndGlobalSection
EndGlobal
