
Microsoft Visual Studio Solution File, Format Version 12.00
# Visual Studio Version 16
VisualStudioVersion = 16.0.33130.400
MinimumVisualStudioVersion = 10.0.40219.1
Project("{8BC9CEB8-8B4A-11D0-8D11-00A0C91BC942}") = "textbasedgame", "textbasedgame.vcxproj", "{ED9A06D2-697D-4A28-8C3C-75218405FC2F}"
EndProject
Project("{8BC9CEB8-8B4A-11D0-8D11-00A0C91BC942}") = "TBG 10-4", "..\TBG 10-4\TBG 10-4.vcxproj", "{EB4DC75D-42E5-4818-BD14-99860DC48C91}"
EndProject
Global
	GlobalSection(SolutionConfigurationPlatforms) = preSolution
		Debug|x64 = Debug|x64
		Debug|x86 = Debug|x86
		Release|x64 = Release|x64
		Release|x86 = Release|x86
	EndGlobalSection
	GlobalSection(ProjectConfigurationPlatforms) = postSolution
		{ED9A06D2-697D-4A28-8C3C-75218405FC2F}.Debug|x64.ActiveCfg = Debug|x64
		{ED9A06D2-697D-4A28-8C3C-75218405FC2F}.Debug|x64.Build.0 = Debug|x64
		{ED9A06D2-697D-4A28-8C3C-75218405FC2F}.Debug|x86.ActiveCfg = Debug|Win32
		{ED9A06D2-697D-4A28-8C3C-75218405FC2F}.Debug|x86.Build.0 = Debug|Win32
		{ED9A06D2-697D-4A28-8C3C-75218405FC2F}.Release|x64.ActiveCfg = Release|x64
		{ED9A06D2-697D-4A28-8C3C-75218405FC2F}.Release|x64.Build.0 = Release|x64
		{ED9A06D2-697D-4A28-8C3C-75218405FC2F}.Release|x86.ActiveCfg = Release|Win32
		{ED9A06D2-697D-4A28-8C3C-75218405FC2F}.Release|x86.Build.0 = Release|Win32
		{EB4DC75D-42E5-4818-BD14-99860DC48C91}.Debug|x64.ActiveCfg = Debug|x64
		{EB4DC75D-42E5-4818-BD14-99860DC48C91}.Debug|x64.Build.0 = Debug|x64
		{EB4DC75D-42E5-4818-BD14-99860DC48C91}.Debug|x86.ActiveCfg = Debug|Win32
		{EB4DC75D-42E5-4818-BD14-99860DC48C91}.Debug|x86.Build.0 = Debug|Win32
		{EB4DC75D-42E5-4818-BD14-99860DC48C91}.Release|x64.ActiveCfg = Release|x64
		{EB4DC75D-42E5-4818-BD14-99860DC48C91}.Release|x64.Build.0 = Release|x64
		{EB4DC75D-42E5-4818-BD14-99860DC48C91}.Release|x86.ActiveCfg = Release|Win32
		{EB4DC75D-42E5-4818-BD14-99860DC48C91}.Release|x86.Build.0 = Release|Win32
	EndGlobalSection
	GlobalSection(SolutionProperties) = preSolution
		HideSolutionNode = FALSE
	EndGlobalSection
	GlobalSection(ExtensibilityGlobals) = postSolution
		SolutionGuid = {3B63AECF-4311-4EBA-A705-819E9619945D}
	EndGlobalSection
EndGlobal
